
Microsoft Visual Studio Solution File, Format Version 12.00
# Visual Studio 15
VisualStudioVersion = 15.0.28307.1340
MinimumVisualStudioVersion = 10.0.40219.1
Project("{FAE04EC0-301F-11D3-BF4B-00C04F79EFBC}") = "tckimliknoDogrulama", "tckimliknoDogrulama\tckimliknoDogrulama.csproj", "{37FDEEB2-6F64-4965-B3DD-54F3A6F24D95}"
EndProject
Global
	GlobalSection(SolutionConfigurationPlatforms) = preSolution
		Debug|Any CPU = Debug|Any CPU
		Release|Any CPU = Release|Any CPU
	EndGlobalSection
	GlobalSection(ProjectConfigurationPlatforms) = postSolution
		{37FDEEB2-6F64-4965-B3DD-54F3A6F24D95}.Debug|Any CPU.ActiveCfg = Debug|Any CPU
		{37FDEEB2-6F64-4965-B3DD-54F3A6F24D95}.Debug|Any CPU.Build.0 = Debug|Any CPU
		{37FDEEB2-6F64-4965-B3DD-54F3A6F24D95}.Release|Any CPU.ActiveCfg = Release|Any CPU
		{37FDEEB2-6F64-4965-B3DD-54F3A6F24D95}.Release|Any CPU.Build.0 = Release|Any CPU
	EndGlobalSection
	GlobalSection(SolutionProperties) = preSolution
		HideSolutionNode = FALSE
	EndGlobalSection
	GlobalSection(ExtensibilityGlobals) = postSolution
		SolutionGuid = {D6A5D246-3E34-4097-82F2-4B1621B7570A}
	EndGlobalSection
EndGlobal
